
Microsoft Visual Studio Solution File, Format Version 12.00
# Visual Studio Version 17
VisualStudioVersion = 17.6.33829.357
MinimumVisualStudioVersion = 10.0.40219.1
Project("{FAE04EC0-301F-11D3-BF4B-00C04F79EFBC}") = "CSharp_TINHHCN1", "CSharp_TINHHCN1.csproj", "{34F96A02-837B-4712-A497-26BBECDDECD2}"
EndProject
Global
	GlobalSection(SolutionConfigurationPlatforms) = preSolution
		Debug|Any CPU = Debug|Any CPU
		Release|Any CPU = Release|Any CPU
	EndGlobalSection
	GlobalSection(ProjectConfigurationPlatforms) = postSolution
		{34F96A02-837B-4712-A497-26BBECDDECD2}.Debug|Any CPU.ActiveCfg = Debug|Any CPU
		{34F96A02-837B-4712-A497-26BBECDDECD2}.Debug|Any CPU.Build.0 = Debug|Any CPU
		{34F96A02-837B-4712-A497-26BBECDDECD2}.Release|Any CPU.ActiveCfg = Release|Any CPU
		{34F96A02-837B-4712-A497-26BBECDDECD2}.Release|Any CPU.Build.0 = Release|Any CPU
	EndGlobalSection
	GlobalSection(SolutionProperties) = preSolution
		HideSolutionNode = FALSE
	EndGlobalSection
	GlobalSection(ExtensibilityGlobals) = postSolution
		SolutionGuid = {03EBBF5B-BB08-481A-9E2A-855A698079B5}
	EndGlobalSection
EndGlobal
